
Microsoft Visual Studio Solution File, Format Version 12.00
# Visual Studio Version 17
VisualStudioVersion = 17.4.33110.190
MinimumVisualStudioVersion = 10.0.40219.1
Project("{2150E333-8FDC-42A3-9474-1A3956D46DE8}") = "src", "src", "{2467B3EE-2C60-40DE-AFFE-C75FF8B45EA5}"
EndProject
Project("{FAE04EC0-301F-11D3-BF4B-00C04F79EFBC}") = "FindFood.API", "FindFood.API\FindFood.API.csproj", "{36080BD1-48D5-4D7B-AEB2-5C2CFF7FC538}"
EndProject
Project("{FAE04EC0-301F-11D3-BF4B-00C04F79EFBC}") = "FindFood.Commands", "FindFood.Commands\FindFood.Commands.csproj", "{8BCE7D0A-DFB8-4331-9AC6-B8F24C38B75D}"
EndProject
Project("{FAE04EC0-301F-11D3-BF4B-00C04F79EFBC}") = "FindFood.Commands.Abstractions", "FindFood.Commands.Abstractions\FindFood.Commands.Abstractions.csproj", "{2D610AD8-3471-4080-93C1-66FAB81836E9}"
EndProject
Project("{FAE04EC0-301F-11D3-BF4B-00C04F79EFBC}") = "FindFood.Domain", "FindFood.Domain\FindFood.Domain.csproj", "{C962F822-CAAC-46EF-81E8-F2DCC2151EDE}"
EndProject
Project("{FAE04EC0-301F-11D3-BF4B-00C04F79EFBC}") = "FindFood.DomainServices", "FindFood.DomainServices\FindFood.DomainServices.csproj", "{D64BEDE9-0A67-4AC8-BEFC-6E480BCD33FA}"
EndProject
Project("{FAE04EC0-301F-11D3-BF4B-00C04F79EFBC}") = "FindFood.DomainServices.Abstractions", "FindFood.DomainServices.Abstractions\FindFood.DomainServices.Abstractions.csproj", "{9996FF84-A61A-4EBF-B0A9-60AE07D6A76A}"
EndProject
Project("{FAE04EC0-301F-11D3-BF4B-00C04F79EFBC}") = "FindFood.Events", "FindFood.Events\FindFood.Events.csproj", "{5BE49412-963F-4AE2-B489-8C4E81BA82A2}"
EndProject
Project("{FAE04EC0-301F-11D3-BF4B-00C04F79EFBC}") = "FindFood.Events.Abstractions", "FindFood.Events.Abstractions\FindFood.Events.Abstractions.csproj", "{178CF8DE-91FD-41EE-985F-8AC7DEA8EADB}"
EndProject
Project("{FAE04EC0-301F-11D3-BF4B-00C04F79EFBC}") = "FindFood.Infra.Repositories", "FindFood.Infra.Repositories\FindFood.Infra.Repositories.csproj", "{28064C5D-727F-4C1A-BB97-2792F097F0D2}"
EndProject
Project("{FAE04EC0-301F-11D3-BF4B-00C04F79EFBC}") = "FindFood.Infra.Repositories.Abstractions", "FindFood.Infra.Repositories.Abstractions\FindFood.Infra.Repositories.Abstractions.csproj", "{A7DC47DC-7ECB-437B-8874-5906B6B50EC7}"
EndProject
Project("{FAE04EC0-301F-11D3-BF4B-00C04F79EFBC}") = "FindFood.Queries", "FindFood.Queries\FindFood.Queries.csproj", "{0E0F2135-3CAC-4047-B8C7-73D3E9A010B5}"
EndProject
Project("{FAE04EC0-301F-11D3-BF4B-00C04F79EFBC}") = "FindFood.Queries.Abstractions", "FindFood.Queries.Abstractions\FindFood.Queries.Abstractions.csproj", "{9C041CB2-EC56-4EFA-A4A4-8676EE2C5674}"
EndProject
Global
	GlobalSection(SolutionConfigurationPlatforms) = preSolution
		Debug|Any CPU = Debug|Any CPU
		Release|Any CPU = Release|Any CPU
	EndGlobalSection
	GlobalSection(ProjectConfigurationPlatforms) = postSolution
		{36080BD1-48D5-4D7B-AEB2-5C2CFF7FC538}.Debug|Any CPU.ActiveCfg = Debug|Any CPU
		{36080BD1-48D5-4D7B-AEB2-5C2CFF7FC538}.Debug|Any CPU.Build.0 = Debug|Any CPU
		{36080BD1-48D5-4D7B-AEB2-5C2CFF7FC538}.Release|Any CPU.ActiveCfg = Release|Any CPU
		{36080BD1-48D5-4D7B-AEB2-5C2CFF7FC538}.Release|Any CPU.Build.0 = Release|Any CPU
		{8BCE7D0A-DFB8-4331-9AC6-B8F24C38B75D}.Debug|Any CPU.ActiveCfg = Debug|Any CPU
		{8BCE7D0A-DFB8-4331-9AC6-B8F24C38B75D}.Debug|Any CPU.Build.0 = Debug|Any CPU
		{8BCE7D0A-DFB8-4331-9AC6-B8F24C38B75D}.Release|Any CPU.ActiveCfg = Release|Any CPU
		{8BCE7D0A-DFB8-4331-9AC6-B8F24C38B75D}.Release|Any CPU.Build.0 = Release|Any CPU
		{2D610AD8-3471-4080-93C1-66FAB81836E9}.Debug|Any CPU.ActiveCfg = Debug|Any CPU
		{2D610AD8-3471-4080-93C1-66FAB81836E9}.Debug|Any CPU.Build.0 = Debug|Any CPU
		{2D610AD8-3471-4080-93C1-66FAB81836E9}.Release|Any CPU.ActiveCfg = Release|Any CPU
		{2D610AD8-3471-4080-93C1-66FAB81836E9}.Release|Any CPU.Build.0 = Release|Any CPU
		{C962F822-CAAC-46EF-81E8-F2DCC2151EDE}.Debug|Any CPU.ActiveCfg = Debug|Any CPU
		{C962F822-CAAC-46EF-81E8-F2DCC2151EDE}.Debug|Any CPU.Build.0 = Debug|Any CPU
		{C962F822-CAAC-46EF-81E8-F2DCC2151EDE}.Release|Any CPU.ActiveCfg = Release|Any CPU
		{C962F822-CAAC-46EF-81E8-F2DCC2151EDE}.Release|Any CPU.Build.0 = Release|Any CPU
		{D64BEDE9-0A67-4AC8-BEFC-6E480BCD33FA}.Debug|Any CPU.ActiveCfg = Debug|Any CPU
		{D64BEDE9-0A67-4AC8-BEFC-6E480BCD33FA}.Debug|Any CPU.Build.0 = Debug|Any CPU
		{D64BEDE9-0A67-4AC8-BEFC-6E480BCD33FA}.Release|Any CPU.ActiveCfg = Release|Any CPU
		{D64BEDE9-0A67-4AC8-BEFC-6E480BCD33FA}.Release|Any CPU.Build.0 = Release|Any CPU
		{9996FF84-A61A-4EBF-B0A9-60AE07D6A76A}.Debug|Any CPU.ActiveCfg = Debug|Any CPU
		{9996FF84-A61A-4EBF-B0A9-60AE07D6A76A}.Debug|Any CPU.Build.0 = Debug|Any CPU
		{9996FF84-A61A-4EBF-B0A9-60AE07D6A76A}.Release|Any CPU.ActiveCfg = Release|Any CPU
		{9996FF84-A61A-4EBF-B0A9-60AE07D6A76A}.Release|Any CPU.Build.0 = Release|Any CPU
		{5BE49412-963F-4AE2-B489-8C4E81BA82A2}.Debug|Any CPU.ActiveCfg = Debug|Any CPU
		{5BE49412-963F-4AE2-B489-8C4E81BA82A2}.Debug|Any CPU.Build.0 = Debug|Any CPU
		{5BE49412-963F-4AE2-B489-8C4E81BA82A2}.Release|Any CPU.ActiveCfg = Release|Any CPU
		{5BE49412-963F-4AE2-B489-8C4E81BA82A2}.Release|Any CPU.Build.0 = Release|Any CPU
		{178CF8DE-91FD-41EE-985F-8AC7DEA8EADB}.Debug|Any CPU.ActiveCfg = Debug|Any CPU
		{178CF8DE-91FD-41EE-985F-8AC7DEA8EADB}.Debug|Any CPU.Build.0 = Debug|Any CPU
		{178CF8DE-91FD-41EE-985F-8AC7DEA8EADB}.Release|Any CPU.ActiveCfg = Release|Any CPU
		{178CF8DE-91FD-41EE-985F-8AC7DEA8EADB}.Release|Any CPU.Build.0 = Release|Any CPU
		{28064C5D-727F-4C1A-BB97-2792F097F0D2}.Debug|Any CPU.ActiveCfg = Debug|Any CPU
		{28064C5D-727F-4C1A-BB97-2792F097F0D2}.Debug|Any CPU.Build.0 = Debug|Any CPU
		{28064C5D-727F-4C1A-BB97-2792F097F0D2}.Release|Any CPU.ActiveCfg = Release|Any CPU
		{28064C5D-727F-4C1A-BB97-2792F097F0D2}.Release|Any CPU.Build.0 = Release|Any CPU
		{A7DC47DC-7ECB-437B-8874-5906B6B50EC7}.Debug|Any CPU.ActiveCfg = Debug|Any CPU
		{A7DC47DC-7ECB-437B-8874-5906B6B50EC7}.Debug|Any CPU.Build.0 = Debug|Any CPU
		{A7DC47DC-7ECB-437B-8874-5906B6B50EC7}.Release|Any CPU.ActiveCfg = Release|Any CPU
		{A7DC47DC-7ECB-437B-8874-5906B6B50EC7}.Release|Any CPU.Build.0 = Release|Any CPU
		{0E0F2135-3CAC-4047-B8C7-73D3E9A010B5}.Debug|Any CPU.ActiveCfg = Debug|Any CPU
		{0E0F2135-3CAC-4047-B8C7-73D3E9A010B5}.Debug|Any CPU.Build.0 = Debug|Any CPU
		{0E0F2135-3CAC-4047-B8C7-73D3E9A010B5}.Release|Any CPU.ActiveCfg = Release|Any CPU
		{0E0F2135-3CAC-4047-B8C7-73D3E9A010B5}.Release|Any CPU.Build.0 = Release|Any CPU
		{9C041CB2-EC56-4EFA-A4A4-8676EE2C5674}.Debug|Any CPU.ActiveCfg = Debug|Any CPU
		{9C041CB2-EC56-4EFA-A4A4-8676EE2C5674}.Debug|Any CPU.Build.0 = Debug|Any CPU
		{9C041CB2-EC56-4EFA-A4A4-8676EE2C5674}.Release|Any CPU.ActiveCfg = Release|Any CPU
		{9C041CB2-EC56-4EFA-A4A4-8676EE2C5674}.Release|Any CPU.Build.0 = Release|Any CPU
	EndGlobalSection
	GlobalSection(SolutionProperties) = preSolution
		HideSolutionNode = FALSE
	EndGlobalSection
	GlobalSection(NestedProjects) = preSolution
		{36080BD1-48D5-4D7B-AEB2-5C2CFF7FC538} = {2467B3EE-2C60-40DE-AFFE-C75FF8B45EA5}
		{8BCE7D0A-DFB8-4331-9AC6-B8F24C38B75D} = {2467B3EE-2C60-40DE-AFFE-C75FF8B45EA5}
		{2D610AD8-3471-4080-93C1-66FAB81836E9} = {2467B3EE-2C60-40DE-AFFE-C75FF8B45EA5}
		{C962F822-CAAC-46EF-81E8-F2DCC2151EDE} = {2467B3EE-2C60-40DE-AFFE-C75FF8B45EA5}
		{D64BEDE9-0A67-4AC8-BEFC-6E480BCD33FA} = {2467B3EE-2C60-40DE-AFFE-C75FF8B45EA5}
		{9996FF84-A61A-4EBF-B0A9-60AE07D6A76A} = {2467B3EE-2C60-40DE-AFFE-C75FF8B45EA5}
		{5BE49412-963F-4AE2-B489-8C4E81BA82A2} = {2467B3EE-2C60-40DE-AFFE-C75FF8B45EA5}
		{178CF8DE-91FD-41EE-985F-8AC7DEA8EADB} = {2467B3EE-2C60-40DE-AFFE-C75FF8B45EA5}
		{28064C5D-727F-4C1A-BB97-2792F097F0D2} = {2467B3EE-2C60-40DE-AFFE-C75FF8B45EA5}
		{A7DC47DC-7ECB-437B-8874-5906B6B50EC7} = {2467B3EE-2C60-40DE-AFFE-C75FF8B45EA5}
		{0E0F2135-3CAC-4047-B8C7-73D3E9A010B5} = {2467B3EE-2C60-40DE-AFFE-C75FF8B45EA5}
		{9C041CB2-EC56-4EFA-A4A4-8676EE2C5674} = {2467B3EE-2C60-40DE-AFFE-C75FF8B45EA5}
	EndGlobalSection
	GlobalSection(ExtensibilityGlobals) = postSolution
		SolutionGuid = {0F9D3366-BD78-49DE-A313-7100EB5F38A9}
	EndGlobalSection
EndGlobal
