
Microsoft Visual Studio Solution File, Format Version 12.00
# Visual Studio Version 17
VisualStudioVersion = 17.4.33110.190
MinimumVisualStudioVersion = 10.0.40219.1
Project("{FAE04EC0-301F-11D3-BF4B-00C04F79EFBC}") = "findfood.api", "findfood.api\findfood.api.csproj", "{8F4FD86A-293B-46E2-88D3-5963C9FAC4FC}"
EndProject
Global
	GlobalSection(SolutionConfigurationPlatforms) = preSolution
		Debug|Any CPU = Debug|Any CPU
		Release|Any CPU = Release|Any CPU
	EndGlobalSection
	GlobalSection(ProjectConfigurationPlatforms) = postSolution
		{8F4FD86A-293B-46E2-88D3-5963C9FAC4FC}.Debug|Any CPU.ActiveCfg = Debug|Any CPU
		{8F4FD86A-293B-46E2-88D3-5963C9FAC4FC}.Debug|Any CPU.Build.0 = Debug|Any CPU
		{8F4FD86A-293B-46E2-88D3-5963C9FAC4FC}.Release|Any CPU.ActiveCfg = Release|Any CPU
		{8F4FD86A-293B-46E2-88D3-5963C9FAC4FC}.Release|Any CPU.Build.0 = Release|Any CPU
	EndGlobalSection
	GlobalSection(SolutionProperties) = preSolution
		HideSolutionNode = FALSE
	EndGlobalSection
	GlobalSection(ExtensibilityGlobals) = postSolution
		SolutionGuid = {037D014D-8475-4C2E-B6C1-F12CA286CC5C}
	EndGlobalSection
EndGlobal
